
Microsoft Visual Studio Solution File, Format Version 12.00
# Visual Studio Version 17
VisualStudioVersion = 17.8.34511.84
MinimumVisualStudioVersion = 10.0.40219.1
Project("{FAE04EC0-301F-11D3-BF4B-00C04F79EFBC}") = "Activity 8", "Activity 8.csproj", "{6389656E-6758-4D57-A067-8947BDAB245B}"
EndProject
Global
	GlobalSection(SolutionConfigurationPlatforms) = preSolution
		Debug|Any CPU = Debug|Any CPU
		Release|Any CPU = Release|Any CPU
	EndGlobalSection
	GlobalSection(ProjectConfigurationPlatforms) = postSolution
		{6389656E-6758-4D57-A067-8947BDAB245B}.Debug|Any CPU.ActiveCfg = Debug|Any CPU
		{6389656E-6758-4D57-A067-8947BDAB245B}.Debug|Any CPU.Build.0 = Debug|Any CPU
		{6389656E-6758-4D57-A067-8947BDAB245B}.Release|Any CPU.ActiveCfg = Release|Any CPU
		{6389656E-6758-4D57-A067-8947BDAB245B}.Release|Any CPU.Build.0 = Release|Any CPU
	EndGlobalSection
	GlobalSection(SolutionProperties) = preSolution
		HideSolutionNode = FALSE
	EndGlobalSection
	GlobalSection(ExtensibilityGlobals) = postSolution
		SolutionGuid = {7DAE1ADD-AA0D-4243-BF31-6EDA73B1C139}
	EndGlobalSection
EndGlobal
